
Microsoft Visual Studio Solution File, Format Version 12.00
# Visual Studio 15
VisualStudioVersion = 15.0.28307.102
MinimumVisualStudioVersion = 10.0.40219.1
Project("{8BC9CEB8-8B4A-11D0-8D11-00A0C91BC942}") = "12.02.2019", "12.02.2019\12.02.2019.vcxproj", "{AA83203B-5EED-41A0-BF28-0BC0739B1F83}"
EndProject
Global
	GlobalSection(SolutionConfigurationPlatforms) = preSolution
		Debug|x64 = Debug|x64
		Debug|x86 = Debug|x86
		Release|x64 = Release|x64
		Release|x86 = Release|x86
	EndGlobalSection
	GlobalSection(ProjectConfigurationPlatforms) = postSolution
		{AA83203B-5EED-41A0-BF28-0BC0739B1F83}.Debug|x64.ActiveCfg = Debug|x64
		{AA83203B-5EED-41A0-BF28-0BC0739B1F83}.Debug|x64.Build.0 = Debug|x64
		{AA83203B-5EED-41A0-BF28-0BC0739B1F83}.Debug|x86.ActiveCfg = Debug|Win32
		{AA83203B-5EED-41A0-BF28-0BC0739B1F83}.Debug|x86.Build.0 = Debug|Win32
		{AA83203B-5EED-41A0-BF28-0BC0739B1F83}.Release|x64.ActiveCfg = Release|x64
		{AA83203B-5EED-41A0-BF28-0BC0739B1F83}.Release|x64.Build.0 = Release|x64
		{AA83203B-5EED-41A0-BF28-0BC0739B1F83}.Release|x86.ActiveCfg = Release|Win32
		{AA83203B-5EED-41A0-BF28-0BC0739B1F83}.Release|x86.Build.0 = Release|Win32
	EndGlobalSection
	GlobalSection(SolutionProperties) = preSolution
		HideSolutionNode = FALSE
	EndGlobalSection
	GlobalSection(ExtensibilityGlobals) = postSolution
		SolutionGuid = {88C0A7A4-3EF0-48DB-95CA-4249AD655F3B}
	EndGlobalSection
EndGlobal
