
Microsoft Visual Studio Solution File, Format Version 12.00
# Visual Studio 15
VisualStudioVersion = 15.0.28010.2036
MinimumVisualStudioVersion = 10.0.40219.1
Project("{8BC9CEB8-8B4A-11D0-8D11-00A0C91BC942}") = "12.03.2019", "12.03.2019\12.03.2019.vcxproj", "{9091FB77-F48D-4A80-A471-64C41507F1CB}"
EndProject
Global
	GlobalSection(SolutionConfigurationPlatforms) = preSolution
		Debug|x64 = Debug|x64
		Debug|x86 = Debug|x86
		Release|x64 = Release|x64
		Release|x86 = Release|x86
	EndGlobalSection
	GlobalSection(ProjectConfigurationPlatforms) = postSolution
		{9091FB77-F48D-4A80-A471-64C41507F1CB}.Debug|x64.ActiveCfg = Debug|x64
		{9091FB77-F48D-4A80-A471-64C41507F1CB}.Debug|x64.Build.0 = Debug|x64
		{9091FB77-F48D-4A80-A471-64C41507F1CB}.Debug|x86.ActiveCfg = Debug|Win32
		{9091FB77-F48D-4A80-A471-64C41507F1CB}.Debug|x86.Build.0 = Debug|Win32
		{9091FB77-F48D-4A80-A471-64C41507F1CB}.Release|x64.ActiveCfg = Release|x64
		{9091FB77-F48D-4A80-A471-64C41507F1CB}.Release|x64.Build.0 = Release|x64
		{9091FB77-F48D-4A80-A471-64C41507F1CB}.Release|x86.ActiveCfg = Release|Win32
		{9091FB77-F48D-4A80-A471-64C41507F1CB}.Release|x86.Build.0 = Release|Win32
	EndGlobalSection
	GlobalSection(SolutionProperties) = preSolution
		HideSolutionNode = FALSE
	EndGlobalSection
	GlobalSection(ExtensibilityGlobals) = postSolution
		SolutionGuid = {F45A6598-7E2D-49E1-8B5A-38A34DE82232}
	EndGlobalSection
EndGlobal
