
Microsoft Visual Studio Solution File, Format Version 12.00
# Visual Studio 15
VisualStudioVersion = 15.0.28010.2036
MinimumVisualStudioVersion = 10.0.40219.1
Project("{8BC9CEB8-8B4A-11D0-8D11-00A0C91BC942}") = "19.02.2019", "19.02.2019\19.02.2019.vcxproj", "{2AE1324D-CE13-40FF-A96C-2C22672AFDF2}"
EndProject
Global
	GlobalSection(SolutionConfigurationPlatforms) = preSolution
		Debug|x64 = Debug|x64
		Debug|x86 = Debug|x86
		Release|x64 = Release|x64
		Release|x86 = Release|x86
	EndGlobalSection
	GlobalSection(ProjectConfigurationPlatforms) = postSolution
		{2AE1324D-CE13-40FF-A96C-2C22672AFDF2}.Debug|x64.ActiveCfg = Debug|x64
		{2AE1324D-CE13-40FF-A96C-2C22672AFDF2}.Debug|x64.Build.0 = Debug|x64
		{2AE1324D-CE13-40FF-A96C-2C22672AFDF2}.Debug|x86.ActiveCfg = Debug|Win32
		{2AE1324D-CE13-40FF-A96C-2C22672AFDF2}.Debug|x86.Build.0 = Debug|Win32
		{2AE1324D-CE13-40FF-A96C-2C22672AFDF2}.Release|x64.ActiveCfg = Release|x64
		{2AE1324D-CE13-40FF-A96C-2C22672AFDF2}.Release|x64.Build.0 = Release|x64
		{2AE1324D-CE13-40FF-A96C-2C22672AFDF2}.Release|x86.ActiveCfg = Release|Win32
		{2AE1324D-CE13-40FF-A96C-2C22672AFDF2}.Release|x86.Build.0 = Release|Win32
	EndGlobalSection
	GlobalSection(SolutionProperties) = preSolution
		HideSolutionNode = FALSE
	EndGlobalSection
	GlobalSection(ExtensibilityGlobals) = postSolution
		SolutionGuid = {00D0D6E4-1215-4E72-889E-E9A4513DC98A}
	EndGlobalSection
EndGlobal
