
Microsoft Visual Studio Solution File, Format Version 12.00
# Visual Studio 15
VisualStudioVersion = 15.0.28010.2036
MinimumVisualStudioVersion = 10.0.40219.1
Project("{8BC9CEB8-8B4A-11D0-8D11-00A0C91BC942}") = "05,02,2019", "05,02,2019\05,02,2019.vcxproj", "{B2AC0E6D-2378-42F7-BDD6-36D28A7B2A95}"
EndProject
Global
	GlobalSection(SolutionConfigurationPlatforms) = preSolution
		Debug|x64 = Debug|x64
		Debug|x86 = Debug|x86
		Release|x64 = Release|x64
		Release|x86 = Release|x86
	EndGlobalSection
	GlobalSection(ProjectConfigurationPlatforms) = postSolution
		{B2AC0E6D-2378-42F7-BDD6-36D28A7B2A95}.Debug|x64.ActiveCfg = Debug|x64
		{B2AC0E6D-2378-42F7-BDD6-36D28A7B2A95}.Debug|x64.Build.0 = Debug|x64
		{B2AC0E6D-2378-42F7-BDD6-36D28A7B2A95}.Debug|x86.ActiveCfg = Debug|Win32
		{B2AC0E6D-2378-42F7-BDD6-36D28A7B2A95}.Debug|x86.Build.0 = Debug|Win32
		{B2AC0E6D-2378-42F7-BDD6-36D28A7B2A95}.Release|x64.ActiveCfg = Release|x64
		{B2AC0E6D-2378-42F7-BDD6-36D28A7B2A95}.Release|x64.Build.0 = Release|x64
		{B2AC0E6D-2378-42F7-BDD6-36D28A7B2A95}.Release|x86.ActiveCfg = Release|Win32
		{B2AC0E6D-2378-42F7-BDD6-36D28A7B2A95}.Release|x86.Build.0 = Release|Win32
	EndGlobalSection
	GlobalSection(SolutionProperties) = preSolution
		HideSolutionNode = FALSE
	EndGlobalSection
	GlobalSection(ExtensibilityGlobals) = postSolution
		SolutionGuid = {8EDAD1AE-4E7C-4EAC-ACCD-7B3C712A3D7E}
	EndGlobalSection
EndGlobal
